// !$*UTF8*$!
{
	archiveVersion = 1;
	classes = {
	};
	objectVersion = 46;
	objects = {

/* Begin PBXBuildFile section */
		AC1772861C80565D00D5F37E /* CaloriesCalculator.m in Sources */ = {isa = PBXBuildFile; fileRef = AC17726C1C80565D00D5F37E /* CaloriesCalculator.m */; };
		AC1772871C80565D00D5F37E /* CBUUID+Additions.m in Sources */ = {isa = PBXBuildFile; fileRef = AC1772701C80565D00D5F37E /* CBUUID+Additions.m */; };
		AC1772891C80565D00D5F37E /* HealthManager.m in Sources */ = {isa = PBXBuildFile; fileRef = AC1772741C80565D00D5F37E /* HealthManager.m */; };
		AC17728B1C80565D00D5F37E /* HeartRateDataCollector.m in Sources */ = {isa = PBXBuildFile; fileRef = AC17727C1C80565D00D5F37E /* HeartRateDataCollector.m */; };
		AC17728C1C80565D00D5F37E /* Metric.m in Sources */ = {isa = PBXBuildFile; fileRef = AC1772811C80565D00D5F37E /* Metric.m */; };
		AC17728D1C80565D00D5F37E /* MetricCalculator.m in Sources */ = {isa = PBXBuildFile; fileRef = AC1772841C80565D00D5F37E /* MetricCalculator.m */; };
		AC1772921C80568900D5F37E /* HeartRateData.m in Sources */ = {isa = PBXBuildFile; fileRef = AC1772901C80568900D5F37E /* HeartRateData.m */; };
		AC1772951C80579D00D5F37E /* NSString+Additions.m in Sources */ = {isa = PBXBuildFile; fileRef = AC1772941C80579D00D5F37E /* NSString+Additions.m */; };
		AC6156CC1C7EB5CE0026D81B /* main.m in Sources */ = {isa = PBXBuildFile; fileRef = AC6156CB1C7EB5CE0026D81B /* main.m */; };
		AC6156CF1C7EB5CE0026D81B /* AppDelegate.m in Sources */ = {isa = PBXBuildFile; fileRef = AC6156CE1C7EB5CE0026D81B /* AppDelegate.m */; };
		AC6156D21C7EB5CE0026D81B /* ViewController.m in Sources */ = {isa = PBXBuildFile; fileRef = AC6156D11C7EB5CE0026D81B /* ViewController.m */; };
		AC6156D51C7EB5CE0026D81B /* Main.storyboard in Resources */ = {isa = PBXBuildFile; fileRef = AC6156D31C7EB5CE0026D81B /* Main.storyboard */; };
		AC6156D71C7EB5CE0026D81B /* Assets.xcassets in Resources */ = {isa = PBXBuildFile; fileRef = AC6156D61C7EB5CE0026D81B /* Assets.xcassets */; };
		AC6156DA1C7EB5CE0026D81B /* LaunchScreen.storyboard in Resources */ = {isa = PBXBuildFile; fileRef = AC6156D81C7EB5CE0026D81B /* LaunchScreen.storyboard */; };
/* End PBXBuildFile section */

/* Begin PBXFileReference section */
		AC17726B1C80565D00D5F37E /* CaloriesCalculator.h */ = {isa = PBXFileReference; fileEncoding = 4; lastKnownFileType = sourcecode.c.h; path = CaloriesCalculator.h; sourceTree = "<group>"; };
		AC17726C1C80565D00D5F37E /* CaloriesCalculator.m */ = {isa = PBXFileReference; fileEncoding = 4; lastKnownFileType = sourcecode.c.objc; path = CaloriesCalculator.m; sourceTree = "<group>"; };
		AC17726D1C80565D00D5F37E /* CaloriesCalculatorProtocol.h */ = {isa = PBXFileReference; fileEncoding = 4; lastKnownFileType = sourcecode.c.h; path = CaloriesCalculatorProtocol.h; sourceTree = "<group>"; };
		AC17726F1C80565D00D5F37E /* CBUUID+Additions.h */ = {isa = PBXFileReference; fileEncoding = 4; lastKnownFileType = sourcecode.c.h; path = "CBUUID+Additions.h"; sourceTree = "<group>"; };
		AC1772701C80565D00D5F37E /* CBUUID+Additions.m */ = {isa = PBXFileReference; fileEncoding = 4; lastKnownFileType = sourcecode.c.objc; path = "CBUUID+Additions.m"; sourceTree = "<group>"; };
		AC1772731C80565D00D5F37E /* HealthManager.h */ = {isa = PBXFileReference; fileEncoding = 4; lastKnownFileType = sourcecode.c.h; name = HealthManager.h; path = PolarDemo/HealthManager/HealthManager.h; sourceTree = SOURCE_ROOT; };
		AC1772741C80565D00D5F37E /* HealthManager.m */ = {isa = PBXFileReference; fileEncoding = 4; lastKnownFileType = sourcecode.c.objc; name = HealthManager.m; path = PolarDemo/HealthManager/HealthManager.m; sourceTree = SOURCE_ROOT; };
		AC1772751C80565D00D5F37E /* HealthManagerProtocol.h */ = {isa = PBXFileReference; fileEncoding = 4; lastKnownFileType = sourcecode.c.h; name = HealthManagerProtocol.h; path = PolarDemo/HealthManager/HealthManagerProtocol.h; sourceTree = SOURCE_ROOT; };
		AC17727B1C80565D00D5F37E /* HeartRateDataCollector.h */ = {isa = PBXFileReference; fileEncoding = 4; lastKnownFileType = sourcecode.c.h; path = HeartRateDataCollector.h; sourceTree = "<group>"; };
		AC17727C1C80565D00D5F37E /* HeartRateDataCollector.m */ = {isa = PBXFileReference; fileEncoding = 4; lastKnownFileType = sourcecode.c.objc; path = HeartRateDataCollector.m; sourceTree = "<group>"; };
		AC17727D1C80565D00D5F37E /* HeartRateDataCollectorProtocol.h */ = {isa = PBXFileReference; fileEncoding = 4; lastKnownFileType = sourcecode.c.h; path = HeartRateDataCollectorProtocol.h; sourceTree = "<group>"; };
		AC1772801C80565D00D5F37E /* Metric.h */ = {isa = PBXFileReference; fileEncoding = 4; lastKnownFileType = sourcecode.c.h; path = Metric.h; sourceTree = "<group>"; };
		AC1772811C80565D00D5F37E /* Metric.m */ = {isa = PBXFileReference; fileEncoding = 4; lastKnownFileType = sourcecode.c.objc; path = Metric.m; sourceTree = "<group>"; };
		AC1772821C80565D00D5F37E /* MetricProtocol.h */ = {isa = PBXFileReference; fileEncoding = 4; lastKnownFileType = sourcecode.c.h; path = MetricProtocol.h; sourceTree = "<group>"; };
		AC1772831C80565D00D5F37E /* MetricCalculator.h */ = {isa = PBXFileReference; fileEncoding = 4; lastKnownFileType = sourcecode.c.h; path = MetricCalculator.h; sourceTree = "<group>"; };
		AC1772841C80565D00D5F37E /* MetricCalculator.m */ = {isa = PBXFileReference; fileEncoding = 4; lastKnownFileType = sourcecode.c.objc; path = MetricCalculator.m; sourceTree = "<group>"; };
		AC1772851C80565D00D5F37E /* MetricCalculatorProtocol.h */ = {isa = PBXFileReference; fileEncoding = 4; lastKnownFileType = sourcecode.c.h; path = MetricCalculatorProtocol.h; sourceTree = "<group>"; };
		AC17728F1C80568900D5F37E /* HeartRateData.h */ = {isa = PBXFileReference; fileEncoding = 4; lastKnownFileType = sourcecode.c.h; path = HeartRateData.h; sourceTree = "<group>"; };
		AC1772901C80568900D5F37E /* HeartRateData.m */ = {isa = PBXFileReference; fileEncoding = 4; lastKnownFileType = sourcecode.c.objc; path = HeartRateData.m; sourceTree = "<group>"; };
		AC1772911C80568900D5F37E /* HeartRateDataProtocol.h */ = {isa = PBXFileReference; fileEncoding = 4; lastKnownFileType = sourcecode.c.h; path = HeartRateDataProtocol.h; sourceTree = "<group>"; };
		AC1772931C80579D00D5F37E /* NSString+Additions.h */ = {isa = PBXFileReference; fileEncoding = 4; lastKnownFileType = sourcecode.c.h; path = "NSString+Additions.h"; sourceTree = "<group>"; };
		AC1772941C80579D00D5F37E /* NSString+Additions.m */ = {isa = PBXFileReference; fileEncoding = 4; lastKnownFileType = sourcecode.c.objc; path = "NSString+Additions.m"; sourceTree = "<group>"; };
		AC6156C71C7EB5CE0026D81B /* PolarDemo.app */ = {isa = PBXFileReference; explicitFileType = wrapper.application; includeInIndex = 0; path = PolarDemo.app; sourceTree = BUILT_PRODUCTS_DIR; };
		AC6156CB1C7EB5CE0026D81B /* main.m */ = {isa = PBXFileReference; lastKnownFileType = sourcecode.c.objc; path = main.m; sourceTree = "<group>"; };
		AC6156CD1C7EB5CE0026D81B /* AppDelegate.h */ = {isa = PBXFileReference; lastKnownFileType = sourcecode.c.h; path = AppDelegate.h; sourceTree = "<group>"; };
		AC6156CE1C7EB5CE0026D81B /* AppDelegate.m */ = {isa = PBXFileReference; lastKnownFileType = sourcecode.c.objc; path = AppDelegate.m; sourceTree = "<group>"; };
		AC6156D01C7EB5CE0026D81B /* ViewController.h */ = {isa = PBXFileReference; lastKnownFileType = sourcecode.c.h; path = ViewController.h; sourceTree = "<group>"; };
		AC6156D11C7EB5CE0026D81B /* ViewController.m */ = {isa = PBXFileReference; lastKnownFileType = sourcecode.c.objc; path = ViewController.m; sourceTree = "<group>"; };
		AC6156D41C7EB5CE0026D81B /* Base */ = {isa = PBXFileReference; lastKnownFileType = file.storyboard; name = Base; path = Base.lproj/Main.storyboard; sourceTree = "<group>"; };
		AC6156D61C7EB5CE0026D81B /* Assets.xcassets */ = {isa = PBXFileReference; lastKnownFileType = folder.assetcatalog; path = Assets.xcassets; sourceTree = "<group>"; };
		AC6156D91C7EB5CE0026D81B /* Base */ = {isa = PBXFileReference; lastKnownFileType = file.storyboard; name = Base; path = Base.lproj/LaunchScreen.storyboard; sourceTree = "<group>"; };
		AC6156DB1C7EB5CE0026D81B /* Info.plist */ = {isa = PBXFileReference; lastKnownFileType = text.plist.xml; path = Info.plist; sourceTree = "<group>"; };
/* End PBXFileReference section */

/* Begin PBXFrameworksBuildPhase section */
		AC6156C41C7EB5CE0026D81B /* Frameworks */ = {
			isa = PBXFrameworksBuildPhase;
			buildActionMask = 2147483647;
			files = (
			);
			runOnlyForDeploymentPostprocessing = 0;
		};
/* End PBXFrameworksBuildPhase section */

/* Begin PBXGroup section */
		AC17726A1C80565D00D5F37E /* CaloriesCalculator */ = {
			isa = PBXGroup;
			children = (
				AC17726D1C80565D00D5F37E /* CaloriesCalculatorProtocol.h */,
				AC17726B1C80565D00D5F37E /* CaloriesCalculator.h */,
				AC17726C1C80565D00D5F37E /* CaloriesCalculator.m */,
			);
			name = CaloriesCalculator;
			path = PolarDemo/HealthManager/CaloriesCalculator;
			sourceTree = SOURCE_ROOT;
		};
		AC17726E1C80565D00D5F37E /* Categories */ = {
			isa = PBXGroup;
			children = (
				AC17726F1C80565D00D5F37E /* CBUUID+Additions.h */,
				AC1772701C80565D00D5F37E /* CBUUID+Additions.m */,
			);
			name = Categories;
			path = PolarDemo/HealthManager/Categories;
			sourceTree = SOURCE_ROOT;
		};
		AC17727A1C80565D00D5F37E /* HeartRateDataCollector */ = {
			isa = PBXGroup;
			children = (
				AC17727D1C80565D00D5F37E /* HeartRateDataCollectorProtocol.h */,
				AC17727B1C80565D00D5F37E /* HeartRateDataCollector.h */,
				AC17727C1C80565D00D5F37E /* HeartRateDataCollector.m */,
				AC17728E1C80568900D5F37E /* HeartRateData */,
			);
			name = HeartRateDataCollector;
			path = PolarDemo/HealthManager/HeartRateDataCollector;
			sourceTree = SOURCE_ROOT;
		};
		AC17727E1C80565D00D5F37E /* MetricCalculator */ = {
			isa = PBXGroup;
			children = (
				AC1772851C80565D00D5F37E /* MetricCalculatorProtocol.h */,
				AC1772831C80565D00D5F37E /* MetricCalculator.h */,
				AC1772841C80565D00D5F37E /* MetricCalculator.m */,
				AC17727F1C80565D00D5F37E /* Metric */,
			);
			name = MetricCalculator;
			path = PolarDemo/HealthManager/MetricCalculator;
			sourceTree = SOURCE_ROOT;
		};
		AC17727F1C80565D00D5F37E /* Metric */ = {
			isa = PBXGroup;
			children = (
				AC1772821C80565D00D5F37E /* MetricProtocol.h */,
				AC1772801C80565D00D5F37E /* Metric.h */,
				AC1772811C80565D00D5F37E /* Metric.m */,
			);
			path = Metric;
			sourceTree = "<group>";
		};
		AC17728E1C80568900D5F37E /* HeartRateData */ = {
			isa = PBXGroup;
			children = (
				AC1772911C80568900D5F37E /* HeartRateDataProtocol.h */,
				AC17728F1C80568900D5F37E /* HeartRateData.h */,
				AC1772901C80568900D5F37E /* HeartRateData.m */,
			);
			path = HeartRateData;
			sourceTree = "<group>";
		};
		AC2CF8D91C80110C009028EA /* HealthManager */ = {
			isa = PBXGroup;
			children = (
				AC1772751C80565D00D5F37E /* HealthManagerProtocol.h */,
				AC1772731C80565D00D5F37E /* HealthManager.h */,
				AC1772741C80565D00D5F37E /* HealthManager.m */,
				AC17727A1C80565D00D5F37E /* HeartRateDataCollector */,
				AC17726A1C80565D00D5F37E /* CaloriesCalculator */,
				AC17727E1C80565D00D5F37E /* MetricCalculator */,
				AC17726E1C80565D00D5F37E /* Categories */,
			);
			name = HealthManager;
			path = PolarManager;
			sourceTree = "<group>";
		};
		AC6156BE1C7EB5CE0026D81B = {
			isa = PBXGroup;
			children = (
				AC6156C91C7EB5CE0026D81B /* PolarDemo */,
				AC6156C81C7EB5CE0026D81B /* Products */,
			);
			sourceTree = "<group>";
		};
		AC6156C81C7EB5CE0026D81B /* Products */ = {
			isa = PBXGroup;
			children = (
				AC6156C71C7EB5CE0026D81B /* PolarDemo.app */,
			);
			name = Products;
			sourceTree = "<group>";
		};
		AC6156C91C7EB5CE0026D81B /* PolarDemo */ = {
			isa = PBXGroup;
			children = (
				AC2CF8D91C80110C009028EA /* HealthManager */,
				AC6156CD1C7EB5CE0026D81B /* AppDelegate.h */,
				AC6156CE1C7EB5CE0026D81B /* AppDelegate.m */,
				AC6156D01C7EB5CE0026D81B /* ViewController.h */,
				AC6156D11C7EB5CE0026D81B /* ViewController.m */,
				AC1772931C80579D00D5F37E /* NSString+Additions.h */,
				AC1772941C80579D00D5F37E /* NSString+Additions.m */,
				AC6156D31C7EB5CE0026D81B /* Main.storyboard */,
				AC6156D61C7EB5CE0026D81B /* Assets.xcassets */,
				AC6156D81C7EB5CE0026D81B /* LaunchScreen.storyboard */,
				AC6156DB1C7EB5CE0026D81B /* Info.plist */,
				AC6156CA1C7EB5CE0026D81B /* Supporting Files */,
			);
			path = PolarDemo;
			sourceTree = "<group>";
		};
		AC6156CA1C7EB5CE0026D81B /* Supporting Files */ = {
			isa = PBXGroup;
			children = (
				AC6156CB1C7EB5CE0026D81B /* main.m */,
			);
			name = "Supporting Files";
			sourceTree = "<group>";
		};
/* End PBXGroup section */

/* Begin PBXNativeTarget section */
		AC6156C61C7EB5CE0026D81B /* PolarDemo */ = {
			isa = PBXNativeTarget;
			buildConfigurationList = AC6156DE1C7EB5CE0026D81B /* Build configuration list for PBXNativeTarget "PolarDemo" */;
			buildPhases = (
				AC6156C31C7EB5CE0026D81B /* Sources */,
				AC6156C41C7EB5CE0026D81B /* Frameworks */,
				AC6156C51C7EB5CE0026D81B /* Resources */,
			);
			buildRules = (
			);
			dependencies = (
			);
			name = PolarDemo;
			productName = PolarDemo;
			productReference = AC6156C71C7EB5CE0026D81B /* PolarDemo.app */;
			productType = "com.apple.product-type.application";
		};
/* End PBXNativeTarget section */

/* Begin PBXProject section */
		AC6156BF1C7EB5CE0026D81B /* Project object */ = {
			isa = PBXProject;
			attributes = {
				LastUpgradeCheck = 0720;
				ORGANIZATIONNAME = Rosberry;
				TargetAttributes = {
					AC6156C61C7EB5CE0026D81B = {
						CreatedOnToolsVersion = 7.2.1;
					};
				};
			};
			buildConfigurationList = AC6156C21C7EB5CE0026D81B /* Build configuration list for PBXProject "PolarDemo" */;
			compatibilityVersion = "Xcode 3.2";
			developmentRegion = English;
			hasScannedForEncodings = 0;
			knownRegions = (
				en,
				Base,
			);
			mainGroup = AC6156BE1C7EB5CE0026D81B;
			productRefGroup = AC6156C81C7EB5CE0026D81B /* Products */;
			projectDirPath = "";
			projectRoot = "";
			targets = (
				AC6156C61C7EB5CE0026D81B /* PolarDemo */,
			);
		};
/* End PBXProject section */

/* Begin PBXResourcesBuildPhase section */
		AC6156C51C7EB5CE0026D81B /* Resources */ = {
			isa = PBXResourcesBuildPhase;
			buildActionMask = 2147483647;
			files = (
				AC6156DA1C7EB5CE0026D81B /* LaunchScreen.storyboard in Resources */,
				AC6156D71C7EB5CE0026D81B /* Assets.xcassets in Resources */,
				AC6156D51C7EB5CE0026D81B /* Main.storyboard in Resources */,
			);
			runOnlyForDeploymentPostprocessing = 0;
		};
/* End PBXResourcesBuildPhase section */

/* Begin PBXSourcesBuildPhase section */
		AC6156C31C7EB5CE0026D81B /* Sources */ = {
			isa = PBXSourcesBuildPhase;
			buildActionMask = 2147483647;
			files = (
				AC17728B1C80565D00D5F37E /* HeartRateDataCollector.m in Sources */,
				AC17728D1C80565D00D5F37E /* MetricCalculator.m in Sources */,
				AC6156D21C7EB5CE0026D81B /* ViewController.m in Sources */,
				AC1772951C80579D00D5F37E /* NSString+Additions.m in Sources */,
				AC1772871C80565D00D5F37E /* CBUUID+Additions.m in Sources */,
				AC17728C1C80565D00D5F37E /* Metric.m in Sources */,
				AC6156CF1C7EB5CE0026D81B /* AppDelegate.m in Sources */,
				AC1772921C80568900D5F37E /* HeartRateData.m in Sources */,
				AC6156CC1C7EB5CE0026D81B /* main.m in Sources */,
				AC1772861C80565D00D5F37E /* CaloriesCalculator.m in Sources */,
				AC1772891C80565D00D5F37E /* HealthManager.m in Sources */,
			);
			runOnlyForDeploymentPostprocessing = 0;
		};
/* End PBXSourcesBuildPhase section */

/* Begin PBXVariantGroup section */
		AC6156D31C7EB5CE0026D81B /* Main.storyboard */ = {
			isa = PBXVariantGroup;
			children = (
				AC6156D41C7EB5CE0026D81B /* Base */,
			);
			name = Main.storyboard;
			sourceTree = "<group>";
		};
		AC6156D81C7EB5CE0026D81B /* LaunchScreen.storyboard */ = {
			isa = PBXVariantGroup;
			children = (
				AC6156D91C7EB5CE0026D81B /* Base */,
			);
			name = LaunchScreen.storyboard;
			sourceTree = "<group>";
		};
/* End PBXVariantGroup section */

/* Begin XCBuildConfiguration section */
		AC6156DC1C7EB5CE0026D81B /* Debug */ = {
			isa = XCBuildConfiguration;
			buildSettings = {
				ALWAYS_SEARCH_USER_PATHS = NO;
				CLANG_CXX_LANGUAGE_STANDARD = "gnu++0x";
				CLANG_CXX_LIBRARY = "libc++";
				CLANG_ENABLE_MODULES = YES;
				CLANG_ENABLE_OBJC_ARC = YES;
				CLANG_WARN_BOOL_CONVERSION = YES;
				CLANG_WARN_CONSTANT_CONVERSION = YES;
				CLANG_WARN_DIRECT_OBJC_ISA_USAGE = YES_ERROR;
				CLANG_WARN_EMPTY_BODY = YES;
				CLANG_WARN_ENUM_CONVERSION = YES;
				CLANG_WARN_INT_CONVERSION = YES;
				CLANG_WARN_OBJC_ROOT_CLASS = YES_ERROR;
				CLANG_WARN_UNREACHABLE_CODE = YES;
				CLANG_WARN__DUPLICATE_METHOD_MATCH = YES;
				"CODE_SIGN_IDENTITY[sdk=iphoneos*]" = "iPhone Developer";
				COPY_PHASE_STRIP = NO;
				DEBUG_INFORMATION_FORMAT = dwarf;
				ENABLE_STRICT_OBJC_MSGSEND = YES;
				ENABLE_TESTABILITY = YES;
				GCC_C_LANGUAGE_STANDARD = gnu99;
				GCC_DYNAMIC_NO_PIC = NO;
				GCC_NO_COMMON_BLOCKS = YES;
				GCC_OPTIMIZATION_LEVEL = 0;
				GCC_PREPROCESSOR_DEFINITIONS = (
					"DEBUG=1",
					"$(inherited)",
				);
				GCC_WARN_64_TO_32_BIT_CONVERSION = YES;
				GCC_WARN_ABOUT_RETURN_TYPE = YES_ERROR;
				GCC_WARN_UNDECLARED_SELECTOR = YES;
				GCC_WARN_UNINITIALIZED_AUTOS = YES_AGGRESSIVE;
				GCC_WARN_UNUSED_FUNCTION = YES;
				GCC_WARN_UNUSED_VARIABLE = YES;
				IPHONEOS_DEPLOYMENT_TARGET = 9.2;
				MTL_ENABLE_DEBUG_INFO = YES;
				ONLY_ACTIVE_ARCH = YES;
				SDKROOT = iphoneos;
			};
			name = Debug;
		};
		AC6156DD1C7EB5CE0026D81B /* Release */ = {
			isa = XCBuildConfiguration;
			buildSettings = {
				ALWAYS_SEARCH_USER_PATHS = NO;
				CLANG_CXX_LANGUAGE_STANDARD = "gnu++0x";
				CLANG_CXX_LIBRARY = "libc++";
				CLANG_ENABLE_MODULES = YES;
				CLANG_ENABLE_OBJC_ARC = YES;
				CLANG_WARN_BOOL_CONVERSION = YES;
				CLANG_WARN_CONSTANT_CONVERSION = YES;
				CLANG_WARN_DIRECT_OBJC_ISA_USAGE = YES_ERROR;
				CLANG_WARN_EMPTY_BODY = YES;
				CLANG_WARN_ENUM_CONVERSION = YES;
				CLANG_WARN_INT_CONVERSION = YES;
				CLANG_WARN_OBJC_ROOT_CLASS = YES_ERROR;
				CLANG_WARN_UNREACHABLE_CODE = YES;
				CLANG_WARN__DUPLICATE_METHOD_MATCH = YES;
				"CODE_SIGN_IDENTITY[sdk=iphoneos*]" = "iPhone Developer";
				COPY_PHASE_STRIP = NO;
				DEBUG_INFORMATION_FORMAT = "dwarf-with-dsym";
				ENABLE_NS_ASSERTIONS = NO;
				ENABLE_STRICT_OBJC_MSGSEND = YES;
				GCC_C_LANGUAGE_STANDARD = gnu99;
				GCC_NO_COMMON_BLOCKS = YES;
				GCC_WARN_64_TO_32_BIT_CONVERSION = YES;
				GCC_WARN_ABOUT_RETURN_TYPE = YES_ERROR;
				GCC_WARN_UNDECLARED_SELECTOR = YES;
				GCC_WARN_UNINITIALIZED_AUTOS = YES_AGGRESSIVE;
				GCC_WARN_UNUSED_FUNCTION = YES;
				GCC_WARN_UNUSED_VARIABLE = YES;
				IPHONEOS_DEPLOYMENT_TARGET = 9.2;
				MTL_ENABLE_DEBUG_INFO = NO;
				SDKROOT = iphoneos;
				VALIDATE_PRODUCT = YES;
			};
			name = Release;
		};
		AC6156DF1C7EB5CE0026D81B /* Debug */ = {
			isa = XCBuildConfiguration;
			buildSettings = {
				ASSETCATALOG_COMPILER_APPICON_NAME = AppIcon;
				INFOPLIST_FILE = PolarDemo/Info.plist;
				LD_RUNPATH_SEARCH_PATHS = "$(inherited) @executable_path/Frameworks";
				PRODUCT_BUNDLE_IDENTIFIER = com.rosberry.PolarDemo;
				PRODUCT_NAME = "$(TARGET_NAME)";
			};
			name = Debug;
		};
		AC6156E01C7EB5CE0026D81B /* Release */ = {
			isa = XCBuildConfiguration;
			buildSettings = {
				ASSETCATALOG_COMPILER_APPICON_NAME = AppIcon;
				INFOPLIST_FILE = PolarDemo/Info.plist;
				LD_RUNPATH_SEARCH_PATHS = "$(inherited) @executable_path/Frameworks";
				PRODUCT_BUNDLE_IDENTIFIER = com.rosberry.PolarDemo;
				PRODUCT_NAME = "$(TARGET_NAME)";
			};
			name = Release;
		};
/* End XCBuildConfiguration section */

/* Begin XCConfigurationList section */
		AC6156C21C7EB5CE0026D81B /* Build configuration list for PBXProject "PolarDemo" */ = {
			isa = XCConfigurationList;
			buildConfigurations = (
				AC6156DC1C7EB5CE0026D81B /* Debug */,
				AC6156DD1C7EB5CE0026D81B /* Release */,
			);
			defaultConfigurationIsVisible = 0;
			defaultConfigurationName = Release;
		};
		AC6156DE1C7EB5CE0026D81B /* Build configuration list for PBXNativeTarget "PolarDemo" */ = {
			isa = XCConfigurationList;
			buildConfigurations = (
				AC6156DF1C7EB5CE0026D81B /* Debug */,
				AC6156E01C7EB5CE0026D81B /* Release */,
			);
			defaultConfigurationIsVisible = 0;
			defaultConfigurationName = Release;
		};
/* End XCConfigurationList section */
	};
	rootObject = AC6156BF1C7EB5CE0026D81B /* Project object */;
}
