// !$*UTF8*$!
{
	archiveVersion = 1;
	classes = {
	};
	objectVersion = 46;
	objects = {

/* Begin PBXBuildFile section */
		0A1450BD1CAE616800AAB309 /* ANInput.m in Sources */ = {isa = PBXBuildFile; fileRef = 0A1450BC1CAE616800AAB309 /* ANInput.m */; };
		AC1772951C80579D00D5F37E /* NSString+Additions.m in Sources */ = {isa = PBXBuildFile; fileRef = AC1772941C80579D00D5F37E /* NSString+Additions.m */; };
		AC6156CC1C7EB5CE0026D81B /* main.m in Sources */ = {isa = PBXBuildFile; fileRef = AC6156CB1C7EB5CE0026D81B /* main.m */; };
		AC6156CF1C7EB5CE0026D81B /* ANAppDelegate.m in Sources */ = {isa = PBXBuildFile; fileRef = AC6156CE1C7EB5CE0026D81B /* ANAppDelegate.m */; };
		AC6156D21C7EB5CE0026D81B /* ANViewController.m in Sources */ = {isa = PBXBuildFile; fileRef = AC6156D11C7EB5CE0026D81B /* ANViewController.m */; };
		AC6156D51C7EB5CE0026D81B /* Main.storyboard in Resources */ = {isa = PBXBuildFile; fileRef = AC6156D31C7EB5CE0026D81B /* Main.storyboard */; };
		AC6156D71C7EB5CE0026D81B /* Assets.xcassets in Resources */ = {isa = PBXBuildFile; fileRef = AC6156D61C7EB5CE0026D81B /* Assets.xcassets */; };
		AC6156DA1C7EB5CE0026D81B /* LaunchScreen.storyboard in Resources */ = {isa = PBXBuildFile; fileRef = AC6156D81C7EB5CE0026D81B /* LaunchScreen.storyboard */; };
		ACB7F3611C80635D00A73FC4 /* ANCaloriesCalculator.m in Sources */ = {isa = PBXBuildFile; fileRef = ACB7F3491C80635D00A73FC4 /* ANCaloriesCalculator.m */; };
		ACB7F3621C80635D00A73FC4 /* ANHealthManager.m in Sources */ = {isa = PBXBuildFile; fileRef = ACB7F34C1C80635D00A73FC4 /* ANHealthManager.m */; };
		ACB7F3631C80635D00A73FC4 /* ANHeartRateData.m in Sources */ = {isa = PBXBuildFile; fileRef = ACB7F3511C80635D00A73FC4 /* ANHeartRateData.m */; };
		ACB7F3641C80635D00A73FC4 /* ANHeartRateDataCollector.m in Sources */ = {isa = PBXBuildFile; fileRef = ACB7F3541C80635D00A73FC4 /* ANHeartRateDataCollector.m */; };
		ACB7F3651C80635D00A73FC4 /* ANMetric.m in Sources */ = {isa = PBXBuildFile; fileRef = ACB7F3591C80635D00A73FC4 /* ANMetric.m */; };
		ACB7F3661C80635D00A73FC4 /* ANMetricCalculator.m in Sources */ = {isa = PBXBuildFile; fileRef = ACB7F35C1C80635D00A73FC4 /* ANMetricCalculator.m */; };
		ACB7F3671C80635D00A73FC4 /* CBUUID+Additions.m in Sources */ = {isa = PBXBuildFile; fileRef = ACB7F3601C80635D00A73FC4 /* CBUUID+Additions.m */; };
		ACB7F36A1C8063FD00A73FC4 /* ANErrorFactory.m in Sources */ = {isa = PBXBuildFile; fileRef = ACB7F3691C8063FD00A73FC4 /* ANErrorFactory.m */; };
/* End PBXBuildFile section */

/* Begin PBXFileReference section */
		0A1450BB1CAE616800AAB309 /* ANInput.h */ = {isa = PBXFileReference; fileEncoding = 4; lastKnownFileType = sourcecode.c.h; path = ANInput.h; sourceTree = "<group>"; };
		0A1450BC1CAE616800AAB309 /* ANInput.m */ = {isa = PBXFileReference; fileEncoding = 4; lastKnownFileType = sourcecode.c.objc; path = ANInput.m; sourceTree = "<group>"; };
		0A1450BE1CAE618200AAB309 /* ANInputProtocol.h */ = {isa = PBXFileReference; fileEncoding = 4; lastKnownFileType = sourcecode.c.h; path = ANInputProtocol.h; sourceTree = "<group>"; };
		AC1772931C80579D00D5F37E /* NSString+Additions.h */ = {isa = PBXFileReference; fileEncoding = 4; lastKnownFileType = sourcecode.c.h; path = "NSString+Additions.h"; sourceTree = "<group>"; };
		AC1772941C80579D00D5F37E /* NSString+Additions.m */ = {isa = PBXFileReference; fileEncoding = 4; lastKnownFileType = sourcecode.c.objc; path = "NSString+Additions.m"; sourceTree = "<group>"; };
		AC6156C71C7EB5CE0026D81B /* PolarDemo.app */ = {isa = PBXFileReference; explicitFileType = wrapper.application; includeInIndex = 0; path = PolarDemo.app; sourceTree = BUILT_PRODUCTS_DIR; };
		AC6156CB1C7EB5CE0026D81B /* main.m */ = {isa = PBXFileReference; lastKnownFileType = sourcecode.c.objc; path = main.m; sourceTree = "<group>"; };
		AC6156CD1C7EB5CE0026D81B /* ANAppDelegate.h */ = {isa = PBXFileReference; lastKnownFileType = sourcecode.c.h; path = ANAppDelegate.h; sourceTree = "<group>"; };
		AC6156CE1C7EB5CE0026D81B /* ANAppDelegate.m */ = {isa = PBXFileReference; lastKnownFileType = sourcecode.c.objc; path = ANAppDelegate.m; sourceTree = "<group>"; };
		AC6156D01C7EB5CE0026D81B /* ANViewController.h */ = {isa = PBXFileReference; lastKnownFileType = sourcecode.c.h; path = ANViewController.h; sourceTree = "<group>"; };
		AC6156D11C7EB5CE0026D81B /* ANViewController.m */ = {isa = PBXFileReference; lastKnownFileType = sourcecode.c.objc; path = ANViewController.m; sourceTree = "<group>"; };
		AC6156D41C7EB5CE0026D81B /* Base */ = {isa = PBXFileReference; lastKnownFileType = file.storyboard; name = Base; path = Base.lproj/Main.storyboard; sourceTree = "<group>"; };
		AC6156D61C7EB5CE0026D81B /* Assets.xcassets */ = {isa = PBXFileReference; lastKnownFileType = folder.assetcatalog; path = Assets.xcassets; sourceTree = "<group>"; };
		AC6156D91C7EB5CE0026D81B /* Base */ = {isa = PBXFileReference; lastKnownFileType = file.storyboard; name = Base; path = Base.lproj/LaunchScreen.storyboard; sourceTree = "<group>"; };
		AC6156DB1C7EB5CE0026D81B /* Info.plist */ = {isa = PBXFileReference; lastKnownFileType = text.plist.xml; path = Info.plist; sourceTree = "<group>"; };
		ACB7F3481C80635D00A73FC4 /* ANCaloriesCalculator.h */ = {isa = PBXFileReference; fileEncoding = 4; lastKnownFileType = sourcecode.c.h; path = ANCaloriesCalculator.h; sourceTree = "<group>"; };
		ACB7F3491C80635D00A73FC4 /* ANCaloriesCalculator.m */ = {isa = PBXFileReference; fileEncoding = 4; lastKnownFileType = sourcecode.c.objc; path = ANCaloriesCalculator.m; sourceTree = "<group>"; };
		ACB7F34A1C80635D00A73FC4 /* ANCaloriesCalculatorProtocol.h */ = {isa = PBXFileReference; fileEncoding = 4; lastKnownFileType = sourcecode.c.h; path = ANCaloriesCalculatorProtocol.h; sourceTree = "<group>"; };
		ACB7F34B1C80635D00A73FC4 /* ANHealthManager.h */ = {isa = PBXFileReference; fileEncoding = 4; lastKnownFileType = sourcecode.c.h; path = ANHealthManager.h; sourceTree = "<group>"; };
		ACB7F34C1C80635D00A73FC4 /* ANHealthManager.m */ = {isa = PBXFileReference; fileEncoding = 4; lastKnownFileType = sourcecode.c.objc; path = ANHealthManager.m; sourceTree = "<group>"; };
		ACB7F34D1C80635D00A73FC4 /* ANHealthManagerProtocol.h */ = {isa = PBXFileReference; fileEncoding = 4; lastKnownFileType = sourcecode.c.h; path = ANHealthManagerProtocol.h; sourceTree = "<group>"; };
		ACB7F3501C80635D00A73FC4 /* ANHeartRateData.h */ = {isa = PBXFileReference; fileEncoding = 4; lastKnownFileType = sourcecode.c.h; path = ANHeartRateData.h; sourceTree = "<group>"; };
		ACB7F3511C80635D00A73FC4 /* ANHeartRateData.m */ = {isa = PBXFileReference; fileEncoding = 4; lastKnownFileType = sourcecode.c.objc; path = ANHeartRateData.m; sourceTree = "<group>"; };
		ACB7F3521C80635D00A73FC4 /* ANHeartRateDataProtocol.h */ = {isa = PBXFileReference; fileEncoding = 4; lastKnownFileType = sourcecode.c.h; path = ANHeartRateDataProtocol.h; sourceTree = "<group>"; };
		ACB7F3531C80635D00A73FC4 /* ANHeartRateDataCollector.h */ = {isa = PBXFileReference; fileEncoding = 4; lastKnownFileType = sourcecode.c.h; path = ANHeartRateDataCollector.h; sourceTree = "<group>"; };
		ACB7F3541C80635D00A73FC4 /* ANHeartRateDataCollector.m */ = {isa = PBXFileReference; fileEncoding = 4; lastKnownFileType = sourcecode.c.objc; path = ANHeartRateDataCollector.m; sourceTree = "<group>"; };
		ACB7F3551C80635D00A73FC4 /* ANHeartRateDataCollectorProtocol.h */ = {isa = PBXFileReference; fileEncoding = 4; lastKnownFileType = sourcecode.c.h; path = ANHeartRateDataCollectorProtocol.h; sourceTree = "<group>"; };
		ACB7F3581C80635D00A73FC4 /* ANMetric.h */ = {isa = PBXFileReference; fileEncoding = 4; lastKnownFileType = sourcecode.c.h; path = ANMetric.h; sourceTree = "<group>"; };
		ACB7F3591C80635D00A73FC4 /* ANMetric.m */ = {isa = PBXFileReference; fileEncoding = 4; lastKnownFileType = sourcecode.c.objc; path = ANMetric.m; sourceTree = "<group>"; };
		ACB7F35A1C80635D00A73FC4 /* ANMetricProtocol.h */ = {isa = PBXFileReference; fileEncoding = 4; lastKnownFileType = sourcecode.c.h; path = ANMetricProtocol.h; sourceTree = "<group>"; };
		ACB7F35B1C80635D00A73FC4 /* ANMetricCalculator.h */ = {isa = PBXFileReference; fileEncoding = 4; lastKnownFileType = sourcecode.c.h; path = ANMetricCalculator.h; sourceTree = "<group>"; };
		ACB7F35C1C80635D00A73FC4 /* ANMetricCalculator.m */ = {isa = PBXFileReference; fileEncoding = 4; lastKnownFileType = sourcecode.c.objc; path = ANMetricCalculator.m; sourceTree = "<group>"; };
		ACB7F35D1C80635D00A73FC4 /* ANMetricCalculatorProtocol.h */ = {isa = PBXFileReference; fileEncoding = 4; lastKnownFileType = sourcecode.c.h; path = ANMetricCalculatorProtocol.h; sourceTree = "<group>"; };
		ACB7F35F1C80635D00A73FC4 /* CBUUID+Additions.h */ = {isa = PBXFileReference; fileEncoding = 4; lastKnownFileType = sourcecode.c.h; path = "CBUUID+Additions.h"; sourceTree = "<group>"; };
		ACB7F3601C80635D00A73FC4 /* CBUUID+Additions.m */ = {isa = PBXFileReference; fileEncoding = 4; lastKnownFileType = sourcecode.c.objc; path = "CBUUID+Additions.m"; sourceTree = "<group>"; };
		ACB7F3681C8063FD00A73FC4 /* ANErrorFactory.h */ = {isa = PBXFileReference; fileEncoding = 4; lastKnownFileType = sourcecode.c.h; name = ANErrorFactory.h; path = ANHealthManager/NAErrorFactory/ANErrorFactory.h; sourceTree = "<group>"; };
		ACB7F3691C8063FD00A73FC4 /* ANErrorFactory.m */ = {isa = PBXFileReference; fileEncoding = 4; lastKnownFileType = sourcecode.c.objc; name = ANErrorFactory.m; path = ANHealthManager/NAErrorFactory/ANErrorFactory.m; sourceTree = "<group>"; };
		ACB7F36C1C80642C00A73FC4 /* ANErrorFactoryProtocol.h */ = {isa = PBXFileReference; lastKnownFileType = sourcecode.c.h; name = ANErrorFactoryProtocol.h; path = ANHealthManager/NAErrorFactory/ANErrorFactoryProtocol.h; sourceTree = "<group>"; };
/* End PBXFileReference section */

/* Begin PBXFrameworksBuildPhase section */
		AC6156C41C7EB5CE0026D81B /* Frameworks */ = {
			isa = PBXFrameworksBuildPhase;
			buildActionMask = 2147483647;
			files = (
			);
			runOnlyForDeploymentPostprocessing = 0;
		};
/* End PBXFrameworksBuildPhase section */

/* Begin PBXGroup section */
		0A1450BA1CAE614900AAB309 /* ANInput */ = {
			isa = PBXGroup;
			children = (
				0A1450BB1CAE616800AAB309 /* ANInput.h */,
				0A1450BC1CAE616800AAB309 /* ANInput.m */,
				0A1450BE1CAE618200AAB309 /* ANInputProtocol.h */,
			);
			path = ANInput;
			sourceTree = "<group>";
		};
		AC6156BE1C7EB5CE0026D81B = {
			isa = PBXGroup;
			children = (
				AC6156C91C7EB5CE0026D81B /* PolarDemo */,
				AC6156C81C7EB5CE0026D81B /* Products */,
			);
			sourceTree = "<group>";
		};
		AC6156C81C7EB5CE0026D81B /* Products */ = {
			isa = PBXGroup;
			children = (
				AC6156C71C7EB5CE0026D81B /* PolarDemo.app */,
			);
			name = Products;
			sourceTree = "<group>";
		};
		AC6156C91C7EB5CE0026D81B /* PolarDemo */ = {
			isa = PBXGroup;
			children = (
				ACB7F3461C80635D00A73FC4 /* ANHealthManager */,
				AC6156CD1C7EB5CE0026D81B /* ANAppDelegate.h */,
				AC6156CE1C7EB5CE0026D81B /* ANAppDelegate.m */,
				AC6156D01C7EB5CE0026D81B /* ANViewController.h */,
				AC6156D11C7EB5CE0026D81B /* ANViewController.m */,
				AC1772931C80579D00D5F37E /* NSString+Additions.h */,
				AC1772941C80579D00D5F37E /* NSString+Additions.m */,
				AC6156D31C7EB5CE0026D81B /* Main.storyboard */,
				AC6156D61C7EB5CE0026D81B /* Assets.xcassets */,
				AC6156D81C7EB5CE0026D81B /* LaunchScreen.storyboard */,
				AC6156DB1C7EB5CE0026D81B /* Info.plist */,
				AC6156CA1C7EB5CE0026D81B /* Supporting Files */,
			);
			path = PolarDemo;
			sourceTree = "<group>";
		};
		AC6156CA1C7EB5CE0026D81B /* Supporting Files */ = {
			isa = PBXGroup;
			children = (
				AC6156CB1C7EB5CE0026D81B /* main.m */,
			);
			name = "Supporting Files";
			sourceTree = "<group>";
		};
		ACB7F3461C80635D00A73FC4 /* ANHealthManager */ = {
			isa = PBXGroup;
			children = (
				ACB7F34D1C80635D00A73FC4 /* ANHealthManagerProtocol.h */,
				ACB7F34B1C80635D00A73FC4 /* ANHealthManager.h */,
				ACB7F34C1C80635D00A73FC4 /* ANHealthManager.m */,
				ACB7F34E1C80635D00A73FC4 /* ANHeartRateDataCollector */,
				ACB7F3471C80635D00A73FC4 /* ANCaloriesCalculator */,
				ACB7F3561C80635D00A73FC4 /* ANMetricCalculator */,
				ACB7F35E1C80635D00A73FC4 /* Categories */,
				ACB7F36B1C80641800A73FC4 /* NAErrorFactory */,
			);
			path = ANHealthManager;
			sourceTree = "<group>";
		};
		ACB7F3471C80635D00A73FC4 /* ANCaloriesCalculator */ = {
			isa = PBXGroup;
			children = (
				ACB7F3481C80635D00A73FC4 /* ANCaloriesCalculator.h */,
				ACB7F3491C80635D00A73FC4 /* ANCaloriesCalculator.m */,
				ACB7F34A1C80635D00A73FC4 /* ANCaloriesCalculatorProtocol.h */,
			);
			path = ANCaloriesCalculator;
			sourceTree = "<group>";
		};
		ACB7F34E1C80635D00A73FC4 /* ANHeartRateDataCollector */ = {
			isa = PBXGroup;
			children = (
				ACB7F34F1C80635D00A73FC4 /* ANHeartRateData */,
				ACB7F3531C80635D00A73FC4 /* ANHeartRateDataCollector.h */,
				ACB7F3541C80635D00A73FC4 /* ANHeartRateDataCollector.m */,
				ACB7F3551C80635D00A73FC4 /* ANHeartRateDataCollectorProtocol.h */,
			);
			path = ANHeartRateDataCollector;
			sourceTree = "<group>";
		};
		ACB7F34F1C80635D00A73FC4 /* ANHeartRateData */ = {
			isa = PBXGroup;
			children = (
				ACB7F3501C80635D00A73FC4 /* ANHeartRateData.h */,
				ACB7F3511C80635D00A73FC4 /* ANHeartRateData.m */,
				ACB7F3521C80635D00A73FC4 /* ANHeartRateDataProtocol.h */,
			);
			path = ANHeartRateData;
			sourceTree = "<group>";
		};
		ACB7F3561C80635D00A73FC4 /* ANMetricCalculator */ = {
			isa = PBXGroup;
			children = (
				0A1450BA1CAE614900AAB309 /* ANInput */,
				ACB7F3571C80635D00A73FC4 /* ANMetric */,
				ACB7F35B1C80635D00A73FC4 /* ANMetricCalculator.h */,
				ACB7F35C1C80635D00A73FC4 /* ANMetricCalculator.m */,
				ACB7F35D1C80635D00A73FC4 /* ANMetricCalculatorProtocol.h */,
			);
			path = ANMetricCalculator;
			sourceTree = "<group>";
		};
		ACB7F3571C80635D00A73FC4 /* ANMetric */ = {
			isa = PBXGroup;
			children = (
				ACB7F3581C80635D00A73FC4 /* ANMetric.h */,
				ACB7F3591C80635D00A73FC4 /* ANMetric.m */,
				ACB7F35A1C80635D00A73FC4 /* ANMetricProtocol.h */,
			);
			path = ANMetric;
			sourceTree = "<group>";
		};
		ACB7F35E1C80635D00A73FC4 /* Categories */ = {
			isa = PBXGroup;
			children = (
				ACB7F35F1C80635D00A73FC4 /* CBUUID+Additions.h */,
				ACB7F3601C80635D00A73FC4 /* CBUUID+Additions.m */,
			);
			path = Categories;
			sourceTree = "<group>";
		};
		ACB7F36B1C80641800A73FC4 /* NAErrorFactory */ = {
			isa = PBXGroup;
			children = (
				ACB7F36C1C80642C00A73FC4 /* ANErrorFactoryProtocol.h */,
				ACB7F3681C8063FD00A73FC4 /* ANErrorFactory.h */,
				ACB7F3691C8063FD00A73FC4 /* ANErrorFactory.m */,
			);
			name = NAErrorFactory;
			path = ..;
			sourceTree = "<group>";
		};
/* End PBXGroup section */

/* Begin PBXNativeTarget section */
		AC6156C61C7EB5CE0026D81B /* PolarDemo */ = {
			isa = PBXNativeTarget;
			buildConfigurationList = AC6156DE1C7EB5CE0026D81B /* Build configuration list for PBXNativeTarget "PolarDemo" */;
			buildPhases = (
				AC6156C31C7EB5CE0026D81B /* Sources */,
				AC6156C41C7EB5CE0026D81B /* Frameworks */,
				AC6156C51C7EB5CE0026D81B /* Resources */,
			);
			buildRules = (
			);
			dependencies = (
			);
			name = PolarDemo;
			productName = PolarDemo;
			productReference = AC6156C71C7EB5CE0026D81B /* PolarDemo.app */;
			productType = "com.apple.product-type.application";
		};
/* End PBXNativeTarget section */

/* Begin PBXProject section */
		AC6156BF1C7EB5CE0026D81B /* Project object */ = {
			isa = PBXProject;
			attributes = {
				CLASSPREFIX = AN;
				LastUpgradeCheck = 0720;
				ORGANIZATIONNAME = Rosberry;
				TargetAttributes = {
					AC6156C61C7EB5CE0026D81B = {
						CreatedOnToolsVersion = 7.2.1;
					};
				};
			};
			buildConfigurationList = AC6156C21C7EB5CE0026D81B /* Build configuration list for PBXProject "PolarDemo" */;
			compatibilityVersion = "Xcode 3.2";
			developmentRegion = English;
			hasScannedForEncodings = 0;
			knownRegions = (
				en,
				Base,
			);
			mainGroup = AC6156BE1C7EB5CE0026D81B;
			productRefGroup = AC6156C81C7EB5CE0026D81B /* Products */;
			projectDirPath = "";
			projectRoot = "";
			targets = (
				AC6156C61C7EB5CE0026D81B /* PolarDemo */,
			);
		};
/* End PBXProject section */

/* Begin PBXResourcesBuildPhase section */
		AC6156C51C7EB5CE0026D81B /* Resources */ = {
			isa = PBXResourcesBuildPhase;
			buildActionMask = 2147483647;
			files = (
				AC6156DA1C7EB5CE0026D81B /* LaunchScreen.storyboard in Resources */,
				AC6156D71C7EB5CE0026D81B /* Assets.xcassets in Resources */,
				AC6156D51C7EB5CE0026D81B /* Main.storyboard in Resources */,
			);
			runOnlyForDeploymentPostprocessing = 0;
		};
/* End PBXResourcesBuildPhase section */

/* Begin PBXSourcesBuildPhase section */
		AC6156C31C7EB5CE0026D81B /* Sources */ = {
			isa = PBXSourcesBuildPhase;
			buildActionMask = 2147483647;
			files = (
				ACB7F3611C80635D00A73FC4 /* ANCaloriesCalculator.m in Sources */,
				AC6156D21C7EB5CE0026D81B /* ANViewController.m in Sources */,
				ACB7F3621C80635D00A73FC4 /* ANHealthManager.m in Sources */,
				ACB7F3651C80635D00A73FC4 /* ANMetric.m in Sources */,
				ACB7F36A1C8063FD00A73FC4 /* ANErrorFactory.m in Sources */,
				AC1772951C80579D00D5F37E /* NSString+Additions.m in Sources */,
				ACB7F3671C80635D00A73FC4 /* CBUUID+Additions.m in Sources */,
				0A1450BD1CAE616800AAB309 /* ANInput.m in Sources */,
				ACB7F3631C80635D00A73FC4 /* ANHeartRateData.m in Sources */,
				ACB7F3661C80635D00A73FC4 /* ANMetricCalculator.m in Sources */,
				ACB7F3641C80635D00A73FC4 /* ANHeartRateDataCollector.m in Sources */,
				AC6156CF1C7EB5CE0026D81B /* ANAppDelegate.m in Sources */,
				AC6156CC1C7EB5CE0026D81B /* main.m in Sources */,
			);
			runOnlyForDeploymentPostprocessing = 0;
		};
/* End PBXSourcesBuildPhase section */

/* Begin PBXVariantGroup section */
		AC6156D31C7EB5CE0026D81B /* Main.storyboard */ = {
			isa = PBXVariantGroup;
			children = (
				AC6156D41C7EB5CE0026D81B /* Base */,
			);
			name = Main.storyboard;
			sourceTree = "<group>";
		};
		AC6156D81C7EB5CE0026D81B /* LaunchScreen.storyboard */ = {
			isa = PBXVariantGroup;
			children = (
				AC6156D91C7EB5CE0026D81B /* Base */,
			);
			name = LaunchScreen.storyboard;
			sourceTree = "<group>";
		};
/* End PBXVariantGroup section */

/* Begin XCBuildConfiguration section */
		AC6156DC1C7EB5CE0026D81B /* Debug */ = {
			isa = XCBuildConfiguration;
			buildSettings = {
				ALWAYS_SEARCH_USER_PATHS = NO;
				CLANG_CXX_LANGUAGE_STANDARD = "gnu++0x";
				CLANG_CXX_LIBRARY = "libc++";
				CLANG_ENABLE_MODULES = YES;
				CLANG_ENABLE_OBJC_ARC = YES;
				CLANG_WARN_BOOL_CONVERSION = YES;
				CLANG_WARN_CONSTANT_CONVERSION = YES;
				CLANG_WARN_DIRECT_OBJC_ISA_USAGE = YES_ERROR;
				CLANG_WARN_EMPTY_BODY = YES;
				CLANG_WARN_ENUM_CONVERSION = YES;
				CLANG_WARN_INT_CONVERSION = YES;
				CLANG_WARN_OBJC_ROOT_CLASS = YES_ERROR;
				CLANG_WARN_UNREACHABLE_CODE = YES;
				CLANG_WARN__DUPLICATE_METHOD_MATCH = YES;
				"CODE_SIGN_IDENTITY[sdk=iphoneos*]" = "iPhone Developer";
				COPY_PHASE_STRIP = NO;
				DEBUG_INFORMATION_FORMAT = dwarf;
				ENABLE_STRICT_OBJC_MSGSEND = YES;
				ENABLE_TESTABILITY = YES;
				GCC_C_LANGUAGE_STANDARD = gnu99;
				GCC_DYNAMIC_NO_PIC = NO;
				GCC_NO_COMMON_BLOCKS = YES;
				GCC_OPTIMIZATION_LEVEL = 0;
				GCC_PREPROCESSOR_DEFINITIONS = (
					"DEBUG=1",
					"$(inherited)",
				);
				GCC_WARN_64_TO_32_BIT_CONVERSION = YES;
				GCC_WARN_ABOUT_RETURN_TYPE = YES_ERROR;
				GCC_WARN_UNDECLARED_SELECTOR = YES;
				GCC_WARN_UNINITIALIZED_AUTOS = YES_AGGRESSIVE;
				GCC_WARN_UNUSED_FUNCTION = YES;
				GCC_WARN_UNUSED_VARIABLE = YES;
				IPHONEOS_DEPLOYMENT_TARGET = 9.2;
				MTL_ENABLE_DEBUG_INFO = YES;
				ONLY_ACTIVE_ARCH = YES;
				SDKROOT = iphoneos;
			};
			name = Debug;
		};
		AC6156DD1C7EB5CE0026D81B /* Release */ = {
			isa = XCBuildConfiguration;
			buildSettings = {
				ALWAYS_SEARCH_USER_PATHS = NO;
				CLANG_CXX_LANGUAGE_STANDARD = "gnu++0x";
				CLANG_CXX_LIBRARY = "libc++";
				CLANG_ENABLE_MODULES = YES;
				CLANG_ENABLE_OBJC_ARC = YES;
				CLANG_WARN_BOOL_CONVERSION = YES;
				CLANG_WARN_CONSTANT_CONVERSION = YES;
				CLANG_WARN_DIRECT_OBJC_ISA_USAGE = YES_ERROR;
				CLANG_WARN_EMPTY_BODY = YES;
				CLANG_WARN_ENUM_CONVERSION = YES;
				CLANG_WARN_INT_CONVERSION = YES;
				CLANG_WARN_OBJC_ROOT_CLASS = YES_ERROR;
				CLANG_WARN_UNREACHABLE_CODE = YES;
				CLANG_WARN__DUPLICATE_METHOD_MATCH = YES;
				"CODE_SIGN_IDENTITY[sdk=iphoneos*]" = "iPhone Developer";
				COPY_PHASE_STRIP = NO;
				DEBUG_INFORMATION_FORMAT = "dwarf-with-dsym";
				ENABLE_NS_ASSERTIONS = NO;
				ENABLE_STRICT_OBJC_MSGSEND = YES;
				GCC_C_LANGUAGE_STANDARD = gnu99;
				GCC_NO_COMMON_BLOCKS = YES;
				GCC_WARN_64_TO_32_BIT_CONVERSION = YES;
				GCC_WARN_ABOUT_RETURN_TYPE = YES_ERROR;
				GCC_WARN_UNDECLARED_SELECTOR = YES;
				GCC_WARN_UNINITIALIZED_AUTOS = YES_AGGRESSIVE;
				GCC_WARN_UNUSED_FUNCTION = YES;
				GCC_WARN_UNUSED_VARIABLE = YES;
				IPHONEOS_DEPLOYMENT_TARGET = 9.2;
				MTL_ENABLE_DEBUG_INFO = NO;
				SDKROOT = iphoneos;
				VALIDATE_PRODUCT = YES;
			};
			name = Release;
		};
		AC6156DF1C7EB5CE0026D81B /* Debug */ = {
			isa = XCBuildConfiguration;
			buildSettings = {
				ASSETCATALOG_COMPILER_APPICON_NAME = AppIcon;
				INFOPLIST_FILE = PolarDemo/Info.plist;
				LD_RUNPATH_SEARCH_PATHS = "$(inherited) @executable_path/Frameworks";
				PRODUCT_BUNDLE_IDENTIFIER = com.rosberry.PolarDemo;
				PRODUCT_NAME = "$(TARGET_NAME)";
			};
			name = Debug;
		};
		AC6156E01C7EB5CE0026D81B /* Release */ = {
			isa = XCBuildConfiguration;
			buildSettings = {
				ASSETCATALOG_COMPILER_APPICON_NAME = AppIcon;
				INFOPLIST_FILE = PolarDemo/Info.plist;
				LD_RUNPATH_SEARCH_PATHS = "$(inherited) @executable_path/Frameworks";
				PRODUCT_BUNDLE_IDENTIFIER = com.rosberry.PolarDemo;
				PRODUCT_NAME = "$(TARGET_NAME)";
			};
			name = Release;
		};
/* End XCBuildConfiguration section */

/* Begin XCConfigurationList section */
		AC6156C21C7EB5CE0026D81B /* Build configuration list for PBXProject "PolarDemo" */ = {
			isa = XCConfigurationList;
			buildConfigurations = (
				AC6156DC1C7EB5CE0026D81B /* Debug */,
				AC6156DD1C7EB5CE0026D81B /* Release */,
			);
			defaultConfigurationIsVisible = 0;
			defaultConfigurationName = Release;
		};
		AC6156DE1C7EB5CE0026D81B /* Build configuration list for PBXNativeTarget "PolarDemo" */ = {
			isa = XCConfigurationList;
			buildConfigurations = (
				AC6156DF1C7EB5CE0026D81B /* Debug */,
				AC6156E01C7EB5CE0026D81B /* Release */,
			);
			defaultConfigurationIsVisible = 0;
			defaultConfigurationName = Release;
		};
/* End XCConfigurationList section */
	};
	rootObject = AC6156BF1C7EB5CE0026D81B /* Project object */;
}
